
Microsoft Visual Studio Solution File, Format Version 12.00
# Visual Studio Version 17
VisualStudioVersion = 17.3.32819.101
MinimumVisualStudioVersion = 10.0.40219.1
Project("{FAE04EC0-301F-11D3-BF4B-00C04F79EFBC}") = "WinFormsApp5", "WinFormsApp5.csproj", "{552BD943-47A5-4706-8CBE-F2A6EAC1662A}"
EndProject
Global
	GlobalSection(SolutionConfigurationPlatforms) = preSolution
		Debug|Any CPU = Debug|Any CPU
		Release|Any CPU = Release|Any CPU
	EndGlobalSection
	GlobalSection(ProjectConfigurationPlatforms) = postSolution
		{552BD943-47A5-4706-8CBE-F2A6EAC1662A}.Debug|Any CPU.ActiveCfg = Debug|Any CPU
		{552BD943-47A5-4706-8CBE-F2A6EAC1662A}.Debug|Any CPU.Build.0 = Debug|Any CPU
		{552BD943-47A5-4706-8CBE-F2A6EAC1662A}.Release|Any CPU.ActiveCfg = Release|Any CPU
		{552BD943-47A5-4706-8CBE-F2A6EAC1662A}.Release|Any CPU.Build.0 = Release|Any CPU
	EndGlobalSection
	GlobalSection(SolutionProperties) = preSolution
		HideSolutionNode = FALSE
	EndGlobalSection
	GlobalSection(ExtensibilityGlobals) = postSolution
		SolutionGuid = {A5B48BF3-29E0-4566-A9CD-F8B759587743}
	EndGlobalSection
EndGlobal
